// !$*UTF8*$!
{
	archiveVersion = 1;
	classes = {
	};
	objectVersion = 56;
	objects = {

/* Begin PBXBuildFile section */
		8A18F95E2A85366900C881DB /* openapi.json in Resources */ = {isa = PBXBuildFile; fileRef = 8A18F95D2A85366900C881DB /* openapi.json */; };
		8A3D136D2A87D12B00DF4EF1 /* GardenEdit.swift in Sources */ = {isa = PBXBuildFile; fileRef = 8A3D136C2A87D12B00DF4EF1 /* GardenEdit.swift */; };
		8A3D13722A87D30D00DF4EF1 /* Binding+inits.swift in Sources */ = {isa = PBXBuildFile; fileRef = 8A3D13712A87D30D00DF4EF1 /* Binding+inits.swift */; };
		8A3D13772A87DACC00DF4EF1 /* GardenStore.swift in Sources */ = {isa = PBXBuildFile; fileRef = 8A3D13762A87DACC00DF4EF1 /* GardenStore.swift */; };
		8A649DD72A87A51200CC38DE /* HumidityItem.swift in Sources */ = {isa = PBXBuildFile; fileRef = 8A649DD62A87A51200CC38DE /* HumidityItem.swift */; };
		8A649DDA2A87A76700CC38DE /* NSPredicate+date.swift in Sources */ = {isa = PBXBuildFile; fileRef = 8A649DD92A87A76700CC38DE /* NSPredicate+date.swift */; };
		8A649DDD2A87AAA100CC38DE /* TemperatureItem.swift in Sources */ = {isa = PBXBuildFile; fileRef = 8A649DDC2A87AAA100CC38DE /* TemperatureItem.swift */; };
		8AACAC282A8578260032CC1C /* MeasurementList.swift in Sources */ = {isa = PBXBuildFile; fileRef = 8AACAC272A8578260032CC1C /* MeasurementList.swift */; };
		8AACAC2B2A857B9D0032CC1C /* ApiHandler.swift in Sources */ = {isa = PBXBuildFile; fileRef = 8AACAC2A2A857B9D0032CC1C /* ApiHandler.swift */; };
		8AACAC342A857D710032CC1C /* WidgetKit.framework in Frameworks */ = {isa = PBXBuildFile; fileRef = 8AACAC332A857D710032CC1C /* WidgetKit.framework */; };
		8AACAC362A857D710032CC1C /* SwiftUI.framework in Frameworks */ = {isa = PBXBuildFile; fileRef = 8AACAC352A857D710032CC1C /* SwiftUI.framework */; };
		8AACAC392A857D710032CC1C /* WidgetBundle.swift in Sources */ = {isa = PBXBuildFile; fileRef = 8AACAC382A857D710032CC1C /* WidgetBundle.swift */; };
		8AACAC3B2A857D710032CC1C /* WidgetLiveActivity.swift in Sources */ = {isa = PBXBuildFile; fileRef = 8AACAC3A2A857D710032CC1C /* WidgetLiveActivity.swift */; };
		8AACAC3D2A857D710032CC1C /* PientereWidget.swift in Sources */ = {isa = PBXBuildFile; fileRef = 8AACAC3C2A857D710032CC1C /* PientereWidget.swift */; };
		8AACAC402A857D720032CC1C /* Assets.xcassets in Resources */ = {isa = PBXBuildFile; fileRef = 8AACAC3F2A857D720032CC1C /* Assets.xcassets */; };
		8AACAC422A857D720032CC1C /* Widget.intentdefinition in Sources */ = {isa = PBXBuildFile; fileRef = 8AACAC3E2A857D710032CC1C /* Widget.intentdefinition */; };
		8AACAC432A857D720032CC1C /* Widget.intentdefinition in Sources */ = {isa = PBXBuildFile; fileRef = 8AACAC3E2A857D710032CC1C /* Widget.intentdefinition */; };
		8AACAC462A857D720032CC1C /* WidgetExtension.appex in Embed Foundation Extensions */ = {isa = PBXBuildFile; fileRef = 8AACAC312A857D710032CC1C /* WidgetExtension.appex */; settings = {ATTRIBUTES = (RemoveHeadersOnCopy, ); }; };
		8AFCA4322A83FA4B00D4B6C8 /* Pientere_TuinApp.swift in Sources */ = {isa = PBXBuildFile; fileRef = 8AFCA4312A83FA4B00D4B6C8 /* Pientere_TuinApp.swift */; };
		8AFCA4342A83FA4B00D4B6C8 /* Persistence.swift in Sources */ = {isa = PBXBuildFile; fileRef = 8AFCA4332A83FA4B00D4B6C8 /* Persistence.swift */; };
		8AFCA4372A83FA4B00D4B6C8 /* Pientere_Tuin.xcdatamodeld in Sources */ = {isa = PBXBuildFile; fileRef = 8AFCA4352A83FA4B00D4B6C8 /* Pientere_Tuin.xcdatamodeld */; };
		8AFCA4392A83FA4B00D4B6C8 /* ContentView.swift in Sources */ = {isa = PBXBuildFile; fileRef = 8AFCA4382A83FA4B00D4B6C8 /* ContentView.swift */; };
		8AFCA43B2A83FA4C00D4B6C8 /* Assets.xcassets in Resources */ = {isa = PBXBuildFile; fileRef = 8AFCA43A2A83FA4C00D4B6C8 /* Assets.xcassets */; };
		8AFCA43F2A83FA4C00D4B6C8 /* Preview Assets.xcassets in Resources */ = {isa = PBXBuildFile; fileRef = 8AFCA43E2A83FA4C00D4B6C8 /* Preview Assets.xcassets */; };
		8AFCA4492A83FA4C00D4B6C8 /* Pientere_TuinTests.swift in Sources */ = {isa = PBXBuildFile; fileRef = 8AFCA4482A83FA4C00D4B6C8 /* Pientere_TuinTests.swift */; };
		8AFCA4532A83FA4C00D4B6C8 /* Pientere_TuinUITests.swift in Sources */ = {isa = PBXBuildFile; fileRef = 8AFCA4522A83FA4C00D4B6C8 /* Pientere_TuinUITests.swift */; };
		8AFCA4552A83FA4C00D4B6C8 /* Pientere_TuinUITestsLaunchTests.swift in Sources */ = {isa = PBXBuildFile; fileRef = 8AFCA4542A83FA4C00D4B6C8 /* Pientere_TuinUITestsLaunchTests.swift */; };
		8AFCA4682A83FDF200D4B6C8 /* OpenAPIRuntime in Frameworks */ = {isa = PBXBuildFile; productRef = 8AFCA4672A83FDF200D4B6C8 /* OpenAPIRuntime */; };
		8AFCA46B2A83FE3200D4B6C8 /* OpenAPIURLSession in Frameworks */ = {isa = PBXBuildFile; productRef = 8AFCA46A2A83FE3200D4B6C8 /* OpenAPIURLSession */; };
		8AFCA46F2A83FE9B00D4B6C8 /* openapi-generator-config.yaml in Resources */ = {isa = PBXBuildFile; fileRef = 8AFCA46E2A83FE9B00D4B6C8 /* openapi-generator-config.yaml */; };
/* End PBXBuildFile section */

/* Begin PBXContainerItemProxy section */
		8AACAC442A857D720032CC1C /* PBXContainerItemProxy */ = {
			isa = PBXContainerItemProxy;
			containerPortal = 8AFCA4262A83FA4B00D4B6C8 /* Project object */;
			proxyType = 1;
			remoteGlobalIDString = 8AACAC302A857D710032CC1C;
			remoteInfo = WidgetExtension;
		};
		8AFCA4452A83FA4C00D4B6C8 /* PBXContainerItemProxy */ = {
			isa = PBXContainerItemProxy;
			containerPortal = 8AFCA4262A83FA4B00D4B6C8 /* Project object */;
			proxyType = 1;
			remoteGlobalIDString = 8AFCA42D2A83FA4B00D4B6C8;
			remoteInfo = "Pientere Tuin";
		};
		8AFCA44F2A83FA4C00D4B6C8 /* PBXContainerItemProxy */ = {
			isa = PBXContainerItemProxy;
			containerPortal = 8AFCA4262A83FA4B00D4B6C8 /* Project object */;
			proxyType = 1;
			remoteGlobalIDString = 8AFCA42D2A83FA4B00D4B6C8;
			remoteInfo = "Pientere Tuin";
		};
/* End PBXContainerItemProxy section */

/* Begin PBXCopyFilesBuildPhase section */
		8AACAC4A2A857D720032CC1C /* Embed Foundation Extensions */ = {
			isa = PBXCopyFilesBuildPhase;
			buildActionMask = 2147483647;
			dstPath = "";
			dstSubfolderSpec = 13;
			files = (
				8AACAC462A857D720032CC1C /* WidgetExtension.appex in Embed Foundation Extensions */,
			);
			name = "Embed Foundation Extensions";
			runOnlyForDeploymentPostprocessing = 0;
		};
/* End PBXCopyFilesBuildPhase section */

/* Begin PBXFileReference section */
		8A18F95D2A85366900C881DB /* openapi.json */ = {isa = PBXFileReference; fileEncoding = 4; lastKnownFileType = text.json; path = openapi.json; sourceTree = "<group>"; };
		8A3D136C2A87D12B00DF4EF1 /* GardenEdit.swift */ = {isa = PBXFileReference; lastKnownFileType = sourcecode.swift; path = GardenEdit.swift; sourceTree = "<group>"; };
		8A3D13712A87D30D00DF4EF1 /* Binding+inits.swift */ = {isa = PBXFileReference; lastKnownFileType = sourcecode.swift; path = "Binding+inits.swift"; sourceTree = "<group>"; };
		8A3D13762A87DACC00DF4EF1 /* GardenStore.swift */ = {isa = PBXFileReference; lastKnownFileType = sourcecode.swift; path = GardenStore.swift; sourceTree = "<group>"; };
		8A649DD62A87A51200CC38DE /* HumidityItem.swift */ = {isa = PBXFileReference; lastKnownFileType = sourcecode.swift; path = HumidityItem.swift; sourceTree = "<group>"; };
		8A649DD92A87A76700CC38DE /* NSPredicate+date.swift */ = {isa = PBXFileReference; lastKnownFileType = sourcecode.swift; path = "NSPredicate+date.swift"; sourceTree = "<group>"; };
		8A649DDC2A87AAA100CC38DE /* TemperatureItem.swift */ = {isa = PBXFileReference; lastKnownFileType = sourcecode.swift; path = TemperatureItem.swift; sourceTree = "<group>"; };
		8A68FD272A8662E600DF6F56 /* Pientere_Tuin 3.xcdatamodel */ = {isa = PBXFileReference; lastKnownFileType = wrapper.xcdatamodel; path = "Pientere_Tuin 3.xcdatamodel"; sourceTree = "<group>"; };
		8AACAC272A8578260032CC1C /* MeasurementList.swift */ = {isa = PBXFileReference; lastKnownFileType = sourcecode.swift; path = MeasurementList.swift; sourceTree = "<group>"; };
		8AACAC2A2A857B9D0032CC1C /* ApiHandler.swift */ = {isa = PBXFileReference; lastKnownFileType = sourcecode.swift; path = ApiHandler.swift; sourceTree = "<group>"; };
		8AACAC312A857D710032CC1C /* WidgetExtension.appex */ = {isa = PBXFileReference; explicitFileType = "wrapper.app-extension"; includeInIndex = 0; path = WidgetExtension.appex; sourceTree = BUILT_PRODUCTS_DIR; };
		8AACAC332A857D710032CC1C /* WidgetKit.framework */ = {isa = PBXFileReference; lastKnownFileType = wrapper.framework; name = WidgetKit.framework; path = System/Library/Frameworks/WidgetKit.framework; sourceTree = SDKROOT; };
		8AACAC352A857D710032CC1C /* SwiftUI.framework */ = {isa = PBXFileReference; lastKnownFileType = wrapper.framework; name = SwiftUI.framework; path = System/Library/Frameworks/SwiftUI.framework; sourceTree = SDKROOT; };
		8AACAC382A857D710032CC1C /* WidgetBundle.swift */ = {isa = PBXFileReference; lastKnownFileType = sourcecode.swift; path = WidgetBundle.swift; sourceTree = "<group>"; };
		8AACAC3A2A857D710032CC1C /* WidgetLiveActivity.swift */ = {isa = PBXFileReference; lastKnownFileType = sourcecode.swift; path = WidgetLiveActivity.swift; sourceTree = "<group>"; };
		8AACAC3C2A857D710032CC1C /* PientereWidget.swift */ = {isa = PBXFileReference; lastKnownFileType = sourcecode.swift; path = PientereWidget.swift; sourceTree = "<group>"; };
		8AACAC3E2A857D710032CC1C /* Widget.intentdefinition */ = {isa = PBXFileReference; lastKnownFileType = file.intentdefinition; path = Widget.intentdefinition; sourceTree = "<group>"; };
		8AACAC3F2A857D720032CC1C /* Assets.xcassets */ = {isa = PBXFileReference; lastKnownFileType = folder.assetcatalog; path = Assets.xcassets; sourceTree = "<group>"; };
		8AACAC412A857D720032CC1C /* Info.plist */ = {isa = PBXFileReference; lastKnownFileType = text.plist.xml; path = Info.plist; sourceTree = "<group>"; };
		8AAF6B552A85064400EDC1E0 /* Pientere_Tuin 2.xcdatamodel */ = {isa = PBXFileReference; lastKnownFileType = wrapper.xcdatamodel; path = "Pientere_Tuin 2.xcdatamodel"; sourceTree = "<group>"; };
		8AFCA42E2A83FA4B00D4B6C8 /* Pientere Tuin.app */ = {isa = PBXFileReference; explicitFileType = wrapper.application; includeInIndex = 0; path = "Pientere Tuin.app"; sourceTree = BUILT_PRODUCTS_DIR; };
		8AFCA4312A83FA4B00D4B6C8 /* Pientere_TuinApp.swift */ = {isa = PBXFileReference; lastKnownFileType = sourcecode.swift; path = Pientere_TuinApp.swift; sourceTree = "<group>"; };
		8AFCA4332A83FA4B00D4B6C8 /* Persistence.swift */ = {isa = PBXFileReference; lastKnownFileType = sourcecode.swift; path = Persistence.swift; sourceTree = "<group>"; };
		8AFCA4362A83FA4B00D4B6C8 /* Pientere_Tuin.xcdatamodel */ = {isa = PBXFileReference; lastKnownFileType = wrapper.xcdatamodel; path = Pientere_Tuin.xcdatamodel; sourceTree = "<group>"; };
		8AFCA4382A83FA4B00D4B6C8 /* ContentView.swift */ = {isa = PBXFileReference; lastKnownFileType = sourcecode.swift; path = ContentView.swift; sourceTree = "<group>"; };
		8AFCA43A2A83FA4C00D4B6C8 /* Assets.xcassets */ = {isa = PBXFileReference; lastKnownFileType = folder.assetcatalog; path = Assets.xcassets; sourceTree = "<group>"; };
		8AFCA43C2A83FA4C00D4B6C8 /* Pientere_Tuin.entitlements */ = {isa = PBXFileReference; lastKnownFileType = text.plist.entitlements; path = Pientere_Tuin.entitlements; sourceTree = "<group>"; };
		8AFCA43E2A83FA4C00D4B6C8 /* Preview Assets.xcassets */ = {isa = PBXFileReference; lastKnownFileType = folder.assetcatalog; path = "Preview Assets.xcassets"; sourceTree = "<group>"; };
		8AFCA4442A83FA4C00D4B6C8 /* Pientere TuinTests.xctest */ = {isa = PBXFileReference; explicitFileType = wrapper.cfbundle; includeInIndex = 0; path = "Pientere TuinTests.xctest"; sourceTree = BUILT_PRODUCTS_DIR; };
		8AFCA4482A83FA4C00D4B6C8 /* Pientere_TuinTests.swift */ = {isa = PBXFileReference; lastKnownFileType = sourcecode.swift; path = Pientere_TuinTests.swift; sourceTree = "<group>"; };
		8AFCA44E2A83FA4C00D4B6C8 /* Pientere TuinUITests.xctest */ = {isa = PBXFileReference; explicitFileType = wrapper.cfbundle; includeInIndex = 0; path = "Pientere TuinUITests.xctest"; sourceTree = BUILT_PRODUCTS_DIR; };
		8AFCA4522A83FA4C00D4B6C8 /* Pientere_TuinUITests.swift */ = {isa = PBXFileReference; lastKnownFileType = sourcecode.swift; path = Pientere_TuinUITests.swift; sourceTree = "<group>"; };
		8AFCA4542A83FA4C00D4B6C8 /* Pientere_TuinUITestsLaunchTests.swift */ = {isa = PBXFileReference; lastKnownFileType = sourcecode.swift; path = Pientere_TuinUITestsLaunchTests.swift; sourceTree = "<group>"; };
		8AFCA46E2A83FE9B00D4B6C8 /* openapi-generator-config.yaml */ = {isa = PBXFileReference; lastKnownFileType = text.yaml; path = "openapi-generator-config.yaml"; sourceTree = "<group>"; };
/* End PBXFileReference section */

/* Begin PBXFrameworksBuildPhase section */
		8AACAC2E2A857D710032CC1C /* Frameworks */ = {
			isa = PBXFrameworksBuildPhase;
			buildActionMask = 2147483647;
			files = (
				8AACAC362A857D710032CC1C /* SwiftUI.framework in Frameworks */,
				8AACAC342A857D710032CC1C /* WidgetKit.framework in Frameworks */,
			);
			runOnlyForDeploymentPostprocessing = 0;
		};
		8AFCA42B2A83FA4B00D4B6C8 /* Frameworks */ = {
			isa = PBXFrameworksBuildPhase;
			buildActionMask = 2147483647;
			files = (
				8AFCA46B2A83FE3200D4B6C8 /* OpenAPIURLSession in Frameworks */,
				8AFCA4682A83FDF200D4B6C8 /* OpenAPIRuntime in Frameworks */,
			);
			runOnlyForDeploymentPostprocessing = 0;
		};
		8AFCA4412A83FA4C00D4B6C8 /* Frameworks */ = {
			isa = PBXFrameworksBuildPhase;
			buildActionMask = 2147483647;
			files = (
			);
			runOnlyForDeploymentPostprocessing = 0;
		};
		8AFCA44B2A83FA4C00D4B6C8 /* Frameworks */ = {
			isa = PBXFrameworksBuildPhase;
			buildActionMask = 2147483647;
			files = (
			);
			runOnlyForDeploymentPostprocessing = 0;
		};
/* End PBXFrameworksBuildPhase section */

/* Begin PBXGroup section */
		8A3D136F2A87D23100DF4EF1 /* Garden */ = {
			isa = PBXGroup;
			children = (
				8A3D136C2A87D12B00DF4EF1 /* GardenEdit.swift */,
			);
			path = Garden;
			sourceTree = "<group>";
		};
		8A3D13742A87D8D800DF4EF1 /* Extensions */ = {
			isa = PBXGroup;
			children = (
				8A3D13712A87D30D00DF4EF1 /* Binding+inits.swift */,
				8A649DD92A87A76700CC38DE /* NSPredicate+date.swift */,
			);
			path = Extensions;
			sourceTree = "<group>";
		};
		8AACAC322A857D710032CC1C /* Frameworks */ = {
			isa = PBXGroup;
			children = (
				8AACAC332A857D710032CC1C /* WidgetKit.framework */,
				8AACAC352A857D710032CC1C /* SwiftUI.framework */,
			);
			name = Frameworks;
			sourceTree = "<group>";
		};
		8AACAC372A857D710032CC1C /* Widget */ = {
			isa = PBXGroup;
			children = (
				8AACAC382A857D710032CC1C /* WidgetBundle.swift */,
				8AACAC3A2A857D710032CC1C /* WidgetLiveActivity.swift */,
				8AACAC3C2A857D710032CC1C /* PientereWidget.swift */,
				8AACAC3E2A857D710032CC1C /* Widget.intentdefinition */,
				8AACAC3F2A857D720032CC1C /* Assets.xcassets */,
				8AACAC412A857D720032CC1C /* Info.plist */,
			);
			path = Widget;
			sourceTree = "<group>";
		};
		8AACAC4D2A8580480032CC1C /* API */ = {
			isa = PBXGroup;
			children = (
				8AFCA46E2A83FE9B00D4B6C8 /* openapi-generator-config.yaml */,
				8A18F95D2A85366900C881DB /* openapi.json */,
				8AACAC2A2A857B9D0032CC1C /* ApiHandler.swift */,
			);
			path = API;
			sourceTree = "<group>";
		};
		8AACAC4F2A8580640032CC1C /* Model */ = {
			isa = PBXGroup;
			children = (
				8AFCA4332A83FA4B00D4B6C8 /* Persistence.swift */,
				8AFCA4352A83FA4B00D4B6C8 /* Pientere_Tuin.xcdatamodeld */,
				8A3D13762A87DACC00DF4EF1 /* GardenStore.swift */,
			);
			path = Model;
			sourceTree = "<group>";
		};
		8AFCA4252A83FA4B00D4B6C8 = {
			isa = PBXGroup;
			children = (
				8AFCA4302A83FA4B00D4B6C8 /* Pientere Tuin */,
				8AFCA4472A83FA4C00D4B6C8 /* Pientere TuinTests */,
				8AFCA4512A83FA4C00D4B6C8 /* Pientere TuinUITests */,
				8AACAC372A857D710032CC1C /* Widget */,
				8AACAC322A857D710032CC1C /* Frameworks */,
				8AFCA42F2A83FA4B00D4B6C8 /* Products */,
			);
			sourceTree = "<group>";
		};
		8AFCA42F2A83FA4B00D4B6C8 /* Products */ = {
			isa = PBXGroup;
			children = (
				8AFCA42E2A83FA4B00D4B6C8 /* Pientere Tuin.app */,
				8AFCA4442A83FA4C00D4B6C8 /* Pientere TuinTests.xctest */,
				8AFCA44E2A83FA4C00D4B6C8 /* Pientere TuinUITests.xctest */,
				8AACAC312A857D710032CC1C /* WidgetExtension.appex */,
			);
			name = Products;
			sourceTree = "<group>";
		};
		8AFCA4302A83FA4B00D4B6C8 /* Pientere Tuin */ = {
			isa = PBXGroup;
			children = (
				8A3D13742A87D8D800DF4EF1 /* Extensions */,
				8AFCA4312A83FA4B00D4B6C8 /* Pientere_TuinApp.swift */,
				8AFCA4382A83FA4B00D4B6C8 /* ContentView.swift */,
				8A3D136F2A87D23100DF4EF1 /* Garden */,
				8A649DD62A87A51200CC38DE /* HumidityItem.swift */,
				8A649DDC2A87AAA100CC38DE /* TemperatureItem.swift */,
				8AACAC272A8578260032CC1C /* MeasurementList.swift */,
				8AACAC4F2A8580640032CC1C /* Model */,
				8AACAC4D2A8580480032CC1C /* API */,
				8AFCA43A2A83FA4C00D4B6C8 /* Assets.xcassets */,
				8AFCA43C2A83FA4C00D4B6C8 /* Pientere_Tuin.entitlements */,
				8AFCA43D2A83FA4C00D4B6C8 /* Preview Content */,
			);
			path = "Pientere Tuin";
			sourceTree = "<group>";
		};
		8AFCA43D2A83FA4C00D4B6C8 /* Preview Content */ = {
			isa = PBXGroup;
			children = (
				8AFCA43E2A83FA4C00D4B6C8 /* Preview Assets.xcassets */,
			);
			path = "Preview Content";
			sourceTree = "<group>";
		};
		8AFCA4472A83FA4C00D4B6C8 /* Pientere TuinTests */ = {
			isa = PBXGroup;
			children = (
				8AFCA4482A83FA4C00D4B6C8 /* Pientere_TuinTests.swift */,
			);
			path = "Pientere TuinTests";
			sourceTree = "<group>";
		};
		8AFCA4512A83FA4C00D4B6C8 /* Pientere TuinUITests */ = {
			isa = PBXGroup;
			children = (
				8AFCA4522A83FA4C00D4B6C8 /* Pientere_TuinUITests.swift */,
				8AFCA4542A83FA4C00D4B6C8 /* Pientere_TuinUITestsLaunchTests.swift */,
			);
			path = "Pientere TuinUITests";
			sourceTree = "<group>";
		};
/* End PBXGroup section */

/* Begin PBXNativeTarget section */
		8AACAC302A857D710032CC1C /* WidgetExtension */ = {
			isa = PBXNativeTarget;
			buildConfigurationList = 8AACAC472A857D720032CC1C /* Build configuration list for PBXNativeTarget "WidgetExtension" */;
			buildPhases = (
				8AACAC2D2A857D710032CC1C /* Sources */,
				8AACAC2E2A857D710032CC1C /* Frameworks */,
				8AACAC2F2A857D710032CC1C /* Resources */,
			);
			buildRules = (
			);
			dependencies = (
			);
			name = WidgetExtension;
			productName = WidgetExtension;
			productReference = 8AACAC312A857D710032CC1C /* WidgetExtension.appex */;
			productType = "com.apple.product-type.app-extension";
		};
		8AFCA42D2A83FA4B00D4B6C8 /* Pientere Tuin */ = {
			isa = PBXNativeTarget;
			buildConfigurationList = 8AFCA4582A83FA4C00D4B6C8 /* Build configuration list for PBXNativeTarget "Pientere Tuin" */;
			buildPhases = (
				8AFCA42A2A83FA4B00D4B6C8 /* Sources */,
				8AFCA42B2A83FA4B00D4B6C8 /* Frameworks */,
				8AFCA42C2A83FA4B00D4B6C8 /* Resources */,
				8AACAC4A2A857D720032CC1C /* Embed Foundation Extensions */,
			);
			buildRules = (
			);
			dependencies = (
				8AFCA46D2A83FE6100D4B6C8 /* PBXTargetDependency */,
				8AACAC452A857D720032CC1C /* PBXTargetDependency */,
			);
			name = "Pientere Tuin";
			packageProductDependencies = (
				8AFCA4672A83FDF200D4B6C8 /* OpenAPIRuntime */,
				8AFCA46A2A83FE3200D4B6C8 /* OpenAPIURLSession */,
			);
			productName = "Pientere Tuin";
			productReference = 8AFCA42E2A83FA4B00D4B6C8 /* Pientere Tuin.app */;
			productType = "com.apple.product-type.application";
		};
		8AFCA4432A83FA4C00D4B6C8 /* Pientere TuinTests */ = {
			isa = PBXNativeTarget;
			buildConfigurationList = 8AFCA45B2A83FA4C00D4B6C8 /* Build configuration list for PBXNativeTarget "Pientere TuinTests" */;
			buildPhases = (
				8AFCA4402A83FA4C00D4B6C8 /* Sources */,
				8AFCA4412A83FA4C00D4B6C8 /* Frameworks */,
				8AFCA4422A83FA4C00D4B6C8 /* Resources */,
			);
			buildRules = (
			);
			dependencies = (
				8AFCA4462A83FA4C00D4B6C8 /* PBXTargetDependency */,
			);
			name = "Pientere TuinTests";
			productName = "Pientere TuinTests";
			productReference = 8AFCA4442A83FA4C00D4B6C8 /* Pientere TuinTests.xctest */;
			productType = "com.apple.product-type.bundle.unit-test";
		};
		8AFCA44D2A83FA4C00D4B6C8 /* Pientere TuinUITests */ = {
			isa = PBXNativeTarget;
			buildConfigurationList = 8AFCA45E2A83FA4C00D4B6C8 /* Build configuration list for PBXNativeTarget "Pientere TuinUITests" */;
			buildPhases = (
				8AFCA44A2A83FA4C00D4B6C8 /* Sources */,
				8AFCA44B2A83FA4C00D4B6C8 /* Frameworks */,
				8AFCA44C2A83FA4C00D4B6C8 /* Resources */,
			);
			buildRules = (
			);
			dependencies = (
				8AFCA4502A83FA4C00D4B6C8 /* PBXTargetDependency */,
			);
			name = "Pientere TuinUITests";
			productName = "Pientere TuinUITests";
			productReference = 8AFCA44E2A83FA4C00D4B6C8 /* Pientere TuinUITests.xctest */;
			productType = "com.apple.product-type.bundle.ui-testing";
		};
/* End PBXNativeTarget section */

/* Begin PBXProject section */
		8AFCA4262A83FA4B00D4B6C8 /* Project object */ = {
			isa = PBXProject;
			attributes = {
				BuildIndependentTargetsInParallel = 1;
				LastSwiftUpdateCheck = 1430;
				LastUpgradeCheck = 1430;
				TargetAttributes = {
					8AACAC302A857D710032CC1C = {
						CreatedOnToolsVersion = 14.3.1;
					};
					8AFCA42D2A83FA4B00D4B6C8 = {
						CreatedOnToolsVersion = 14.3.1;
					};
					8AFCA4432A83FA4C00D4B6C8 = {
						CreatedOnToolsVersion = 14.3.1;
						TestTargetID = 8AFCA42D2A83FA4B00D4B6C8;
					};
					8AFCA44D2A83FA4C00D4B6C8 = {
						CreatedOnToolsVersion = 14.3.1;
						TestTargetID = 8AFCA42D2A83FA4B00D4B6C8;
					};
				};
			};
			buildConfigurationList = 8AFCA4292A83FA4B00D4B6C8 /* Build configuration list for PBXProject "Pientere Tuin" */;
			compatibilityVersion = "Xcode 14.0";
			developmentRegion = en;
			hasScannedForEncodings = 0;
			knownRegions = (
				en,
				Base,
			);
			mainGroup = 8AFCA4252A83FA4B00D4B6C8;
			packageReferences = (
				8AFCA4612A83FDD500D4B6C8 /* XCRemoteSwiftPackageReference "swift-openapi-generator" */,
				8AFCA4662A83FDF200D4B6C8 /* XCRemoteSwiftPackageReference "swift-openapi-runtime" */,
				8AFCA4692A83FE3200D4B6C8 /* XCRemoteSwiftPackageReference "swift-openapi-urlsession" */,
			);
			productRefGroup = 8AFCA42F2A83FA4B00D4B6C8 /* Products */;
			projectDirPath = "";
			projectRoot = "";
			targets = (
				8AFCA42D2A83FA4B00D4B6C8 /* Pientere Tuin */,
				8AFCA4432A83FA4C00D4B6C8 /* Pientere TuinTests */,
				8AFCA44D2A83FA4C00D4B6C8 /* Pientere TuinUITests */,
				8AACAC302A857D710032CC1C /* WidgetExtension */,
			);
		};
/* End PBXProject section */

/* Begin PBXResourcesBuildPhase section */
		8AACAC2F2A857D710032CC1C /* Resources */ = {
			isa = PBXResourcesBuildPhase;
			buildActionMask = 2147483647;
			files = (
				8AACAC402A857D720032CC1C /* Assets.xcassets in Resources */,
			);
			runOnlyForDeploymentPostprocessing = 0;
		};
		8AFCA42C2A83FA4B00D4B6C8 /* Resources */ = {
			isa = PBXResourcesBuildPhase;
			buildActionMask = 2147483647;
			files = (
				8A18F95E2A85366900C881DB /* openapi.json in Resources */,
				8AFCA43F2A83FA4C00D4B6C8 /* Preview Assets.xcassets in Resources */,
				8AFCA43B2A83FA4C00D4B6C8 /* Assets.xcassets in Resources */,
				8AFCA46F2A83FE9B00D4B6C8 /* openapi-generator-config.yaml in Resources */,
			);
			runOnlyForDeploymentPostprocessing = 0;
		};
		8AFCA4422A83FA4C00D4B6C8 /* Resources */ = {
			isa = PBXResourcesBuildPhase;
			buildActionMask = 2147483647;
			files = (
			);
			runOnlyForDeploymentPostprocessing = 0;
		};
		8AFCA44C2A83FA4C00D4B6C8 /* Resources */ = {
			isa = PBXResourcesBuildPhase;
			buildActionMask = 2147483647;
			files = (
			);
			runOnlyForDeploymentPostprocessing = 0;
		};
/* End PBXResourcesBuildPhase section */

/* Begin PBXSourcesBuildPhase section */
		8AACAC2D2A857D710032CC1C /* Sources */ = {
			isa = PBXSourcesBuildPhase;
			buildActionMask = 2147483647;
			files = (
				8AACAC422A857D720032CC1C /* Widget.intentdefinition in Sources */,
				8AACAC3B2A857D710032CC1C /* WidgetLiveActivity.swift in Sources */,
				8AACAC392A857D710032CC1C /* WidgetBundle.swift in Sources */,
				8AACAC3D2A857D710032CC1C /* PientereWidget.swift in Sources */,
			);
			runOnlyForDeploymentPostprocessing = 0;
		};
		8AFCA42A2A83FA4B00D4B6C8 /* Sources */ = {
			isa = PBXSourcesBuildPhase;
			buildActionMask = 2147483647;
			files = (
				8AFCA4322A83FA4B00D4B6C8 /* Pientere_TuinApp.swift in Sources */,
				8A649DDD2A87AAA100CC38DE /* TemperatureItem.swift in Sources */,
				8A649DD72A87A51200CC38DE /* HumidityItem.swift in Sources */,
				8AACAC2B2A857B9D0032CC1C /* ApiHandler.swift in Sources */,
				8A3D136D2A87D12B00DF4EF1 /* GardenEdit.swift in Sources */,
				8AACAC432A857D720032CC1C /* Widget.intentdefinition in Sources */,
				8AFCA4372A83FA4B00D4B6C8 /* Pientere_Tuin.xcdatamodeld in Sources */,
				8A3D13722A87D30D00DF4EF1 /* Binding+inits.swift in Sources */,
				8A3D13772A87DACC00DF4EF1 /* GardenStore.swift in Sources */,
				8AACAC282A8578260032CC1C /* MeasurementList.swift in Sources */,
				8AFCA4392A83FA4B00D4B6C8 /* ContentView.swift in Sources */,
				8AFCA4342A83FA4B00D4B6C8 /* Persistence.swift in Sources */,
				8A649DDA2A87A76700CC38DE /* NSPredicate+date.swift in Sources */,
			);
			runOnlyForDeploymentPostprocessing = 0;
		};
		8AFCA4402A83FA4C00D4B6C8 /* Sources */ = {
			isa = PBXSourcesBuildPhase;
			buildActionMask = 2147483647;
			files = (
				8AFCA4492A83FA4C00D4B6C8 /* Pientere_TuinTests.swift in Sources */,
			);
			runOnlyForDeploymentPostprocessing = 0;
		};
		8AFCA44A2A83FA4C00D4B6C8 /* Sources */ = {
			isa = PBXSourcesBuildPhase;
			buildActionMask = 2147483647;
			files = (
				8AFCA4552A83FA4C00D4B6C8 /* Pientere_TuinUITestsLaunchTests.swift in Sources */,
				8AFCA4532A83FA4C00D4B6C8 /* Pientere_TuinUITests.swift in Sources */,
			);
			runOnlyForDeploymentPostprocessing = 0;
		};
/* End PBXSourcesBuildPhase section */

/* Begin PBXTargetDependency section */
		8AACAC452A857D720032CC1C /* PBXTargetDependency */ = {
			isa = PBXTargetDependency;
			target = 8AACAC302A857D710032CC1C /* WidgetExtension */;
			targetProxy = 8AACAC442A857D720032CC1C /* PBXContainerItemProxy */;
		};
		8AFCA4462A83FA4C00D4B6C8 /* PBXTargetDependency */ = {
			isa = PBXTargetDependency;
			target = 8AFCA42D2A83FA4B00D4B6C8 /* Pientere Tuin */;
			targetProxy = 8AFCA4452A83FA4C00D4B6C8 /* PBXContainerItemProxy */;
		};
		8AFCA4502A83FA4C00D4B6C8 /* PBXTargetDependency */ = {
			isa = PBXTargetDependency;
			target = 8AFCA42D2A83FA4B00D4B6C8 /* Pientere Tuin */;
			targetProxy = 8AFCA44F2A83FA4C00D4B6C8 /* PBXContainerItemProxy */;
		};
		8AFCA46D2A83FE6100D4B6C8 /* PBXTargetDependency */ = {
			isa = PBXTargetDependency;
			productRef = 8AFCA46C2A83FE6100D4B6C8 /* OpenAPIGenerator */;
		};
/* End PBXTargetDependency section */

/* Begin XCBuildConfiguration section */
		8AACAC482A857D720032CC1C /* Debug */ = {
			isa = XCBuildConfiguration;
			buildSettings = {
				ASSETCATALOG_COMPILER_GLOBAL_ACCENT_COLOR_NAME = AccentColor;
				ASSETCATALOG_COMPILER_WIDGET_BACKGROUND_COLOR_NAME = WidgetBackground;
				CODE_SIGN_STYLE = Automatic;
				CURRENT_PROJECT_VERSION = 1;
				DEVELOPMENT_TEAM = STQVQUKQJM;
				GENERATE_INFOPLIST_FILE = YES;
				INFOPLIST_FILE = Widget/Info.plist;
				INFOPLIST_KEY_CFBundleDisplayName = Widget;
				INFOPLIST_KEY_NSHumanReadableCopyright = "";
				IPHONEOS_DEPLOYMENT_TARGET = 16.4;
				LD_RUNPATH_SEARCH_PATHS = (
					"$(inherited)",
					"@executable_path/Frameworks",
					"@executable_path/../../Frameworks",
				);
				MARKETING_VERSION = 1.0;
				PRODUCT_BUNDLE_IDENTIFIER = "studio.skipper.Pientere-Tuin.Widget";
				PRODUCT_NAME = "$(TARGET_NAME)";
				SDKROOT = iphoneos;
				SKIP_INSTALL = YES;
				SWIFT_EMIT_LOC_STRINGS = YES;
				SWIFT_VERSION = 5.0;
				TARGETED_DEVICE_FAMILY = "1,2";
			};
			name = Debug;
		};
		8AACAC492A857D720032CC1C /* Release */ = {
			isa = XCBuildConfiguration;
			buildSettings = {
				ASSETCATALOG_COMPILER_GLOBAL_ACCENT_COLOR_NAME = AccentColor;
				ASSETCATALOG_COMPILER_WIDGET_BACKGROUND_COLOR_NAME = WidgetBackground;
				CODE_SIGN_STYLE = Automatic;
				CURRENT_PROJECT_VERSION = 1;
				DEVELOPMENT_TEAM = STQVQUKQJM;
				GENERATE_INFOPLIST_FILE = YES;
				INFOPLIST_FILE = Widget/Info.plist;
				INFOPLIST_KEY_CFBundleDisplayName = Widget;
				INFOPLIST_KEY_NSHumanReadableCopyright = "";
				IPHONEOS_DEPLOYMENT_TARGET = 16.4;
				LD_RUNPATH_SEARCH_PATHS = (
					"$(inherited)",
					"@executable_path/Frameworks",
					"@executable_path/../../Frameworks",
				);
				MARKETING_VERSION = 1.0;
				PRODUCT_BUNDLE_IDENTIFIER = "studio.skipper.Pientere-Tuin.Widget";
				PRODUCT_NAME = "$(TARGET_NAME)";
				SDKROOT = iphoneos;
				SKIP_INSTALL = YES;
				SWIFT_EMIT_LOC_STRINGS = YES;
				SWIFT_VERSION = 5.0;
				TARGETED_DEVICE_FAMILY = "1,2";
				VALIDATE_PRODUCT = YES;
			};
			name = Release;
		};
		8AFCA4562A83FA4C00D4B6C8 /* Debug */ = {
			isa = XCBuildConfiguration;
			buildSettings = {
				ALWAYS_SEARCH_USER_PATHS = NO;
				CLANG_ANALYZER_NONNULL = YES;
				CLANG_ANALYZER_NUMBER_OBJECT_CONVERSION = YES_AGGRESSIVE;
				CLANG_CXX_LANGUAGE_STANDARD = "gnu++20";
				CLANG_ENABLE_MODULES = YES;
				CLANG_ENABLE_OBJC_ARC = YES;
				CLANG_ENABLE_OBJC_WEAK = YES;
				CLANG_WARN_BLOCK_CAPTURE_AUTORELEASING = YES;
				CLANG_WARN_BOOL_CONVERSION = YES;
				CLANG_WARN_COMMA = YES;
				CLANG_WARN_CONSTANT_CONVERSION = YES;
				CLANG_WARN_DEPRECATED_OBJC_IMPLEMENTATIONS = YES;
				CLANG_WARN_DIRECT_OBJC_ISA_USAGE = YES_ERROR;
				CLANG_WARN_DOCUMENTATION_COMMENTS = YES;
				CLANG_WARN_EMPTY_BODY = YES;
				CLANG_WARN_ENUM_CONVERSION = YES;
				CLANG_WARN_INFINITE_RECURSION = YES;
				CLANG_WARN_INT_CONVERSION = YES;
				CLANG_WARN_NON_LITERAL_NULL_CONVERSION = YES;
				CLANG_WARN_OBJC_IMPLICIT_RETAIN_SELF = YES;
				CLANG_WARN_OBJC_LITERAL_CONVERSION = YES;
				CLANG_WARN_OBJC_ROOT_CLASS = YES_ERROR;
				CLANG_WARN_QUOTED_INCLUDE_IN_FRAMEWORK_HEADER = YES;
				CLANG_WARN_RANGE_LOOP_ANALYSIS = YES;
				CLANG_WARN_STRICT_PROTOTYPES = YES;
				CLANG_WARN_SUSPICIOUS_MOVE = YES;
				CLANG_WARN_UNGUARDED_AVAILABILITY = YES_AGGRESSIVE;
				CLANG_WARN_UNREACHABLE_CODE = YES;
				CLANG_WARN__DUPLICATE_METHOD_MATCH = YES;
				COPY_PHASE_STRIP = NO;
				DEBUG_INFORMATION_FORMAT = dwarf;
				ENABLE_STRICT_OBJC_MSGSEND = YES;
				ENABLE_TESTABILITY = YES;
				GCC_C_LANGUAGE_STANDARD = gnu11;
				GCC_DYNAMIC_NO_PIC = NO;
				GCC_NO_COMMON_BLOCKS = YES;
				GCC_OPTIMIZATION_LEVEL = 0;
				GCC_PREPROCESSOR_DEFINITIONS = (
					"DEBUG=1",
					"$(inherited)",
				);
				GCC_WARN_64_TO_32_BIT_CONVERSION = YES;
				GCC_WARN_ABOUT_RETURN_TYPE = YES_ERROR;
				GCC_WARN_UNDECLARED_SELECTOR = YES;
				GCC_WARN_UNINITIALIZED_AUTOS = YES_AGGRESSIVE;
				GCC_WARN_UNUSED_FUNCTION = YES;
				GCC_WARN_UNUSED_VARIABLE = YES;
				MTL_ENABLE_DEBUG_INFO = INCLUDE_SOURCE;
				MTL_FAST_MATH = YES;
				ONLY_ACTIVE_ARCH = YES;
				SWIFT_ACTIVE_COMPILATION_CONDITIONS = DEBUG;
				SWIFT_OPTIMIZATION_LEVEL = "-Onone";
			};
			name = Debug;
		};
		8AFCA4572A83FA4C00D4B6C8 /* Release */ = {
			isa = XCBuildConfiguration;
			buildSettings = {
				ALWAYS_SEARCH_USER_PATHS = NO;
				CLANG_ANALYZER_NONNULL = YES;
				CLANG_ANALYZER_NUMBER_OBJECT_CONVERSION = YES_AGGRESSIVE;
				CLANG_CXX_LANGUAGE_STANDARD = "gnu++20";
				CLANG_ENABLE_MODULES = YES;
				CLANG_ENABLE_OBJC_ARC = YES;
				CLANG_ENABLE_OBJC_WEAK = YES;
				CLANG_WARN_BLOCK_CAPTURE_AUTORELEASING = YES;
				CLANG_WARN_BOOL_CONVERSION = YES;
				CLANG_WARN_COMMA = YES;
				CLANG_WARN_CONSTANT_CONVERSION = YES;
				CLANG_WARN_DEPRECATED_OBJC_IMPLEMENTATIONS = YES;
				CLANG_WARN_DIRECT_OBJC_ISA_USAGE = YES_ERROR;
				CLANG_WARN_DOCUMENTATION_COMMENTS = YES;
				CLANG_WARN_EMPTY_BODY = YES;
				CLANG_WARN_ENUM_CONVERSION = YES;
				CLANG_WARN_INFINITE_RECURSION = YES;
				CLANG_WARN_INT_CONVERSION = YES;
				CLANG_WARN_NON_LITERAL_NULL_CONVERSION = YES;
				CLANG_WARN_OBJC_IMPLICIT_RETAIN_SELF = YES;
				CLANG_WARN_OBJC_LITERAL_CONVERSION = YES;
				CLANG_WARN_OBJC_ROOT_CLASS = YES_ERROR;
				CLANG_WARN_QUOTED_INCLUDE_IN_FRAMEWORK_HEADER = YES;
				CLANG_WARN_RANGE_LOOP_ANALYSIS = YES;
				CLANG_WARN_STRICT_PROTOTYPES = YES;
				CLANG_WARN_SUSPICIOUS_MOVE = YES;
				CLANG_WARN_UNGUARDED_AVAILABILITY = YES_AGGRESSIVE;
				CLANG_WARN_UNREACHABLE_CODE = YES;
				CLANG_WARN__DUPLICATE_METHOD_MATCH = YES;
				COPY_PHASE_STRIP = NO;
				DEBUG_INFORMATION_FORMAT = "dwarf-with-dsym";
				ENABLE_NS_ASSERTIONS = NO;
				ENABLE_STRICT_OBJC_MSGSEND = YES;
				GCC_C_LANGUAGE_STANDARD = gnu11;
				GCC_NO_COMMON_BLOCKS = YES;
				GCC_WARN_64_TO_32_BIT_CONVERSION = YES;
				GCC_WARN_ABOUT_RETURN_TYPE = YES_ERROR;
				GCC_WARN_UNDECLARED_SELECTOR = YES;
				GCC_WARN_UNINITIALIZED_AUTOS = YES_AGGRESSIVE;
				GCC_WARN_UNUSED_FUNCTION = YES;
				GCC_WARN_UNUSED_VARIABLE = YES;
				MTL_ENABLE_DEBUG_INFO = NO;
				MTL_FAST_MATH = YES;
				SWIFT_COMPILATION_MODE = wholemodule;
				SWIFT_OPTIMIZATION_LEVEL = "-O";
			};
			name = Release;
		};
		8AFCA4592A83FA4C00D4B6C8 /* Debug */ = {
			isa = XCBuildConfiguration;
			buildSettings = {
				ALWAYS_EMBED_SWIFT_STANDARD_LIBRARIES = YES;
				ASSETCATALOG_COMPILER_APPICON_NAME = AppIcon;
				ASSETCATALOG_COMPILER_GLOBAL_ACCENT_COLOR_NAME = AccentColor;
				CODE_SIGN_ENTITLEMENTS = "Pientere Tuin/Pientere_Tuin.entitlements";
				CODE_SIGN_STYLE = Automatic;
				CURRENT_PROJECT_VERSION = 1;
				DEVELOPMENT_ASSET_PATHS = "\"Pientere Tuin/Preview Content\"";
				DEVELOPMENT_TEAM = STQVQUKQJM;
				ENABLE_HARDENED_RUNTIME = YES;
				ENABLE_PREVIEWS = YES;
				GENERATE_INFOPLIST_FILE = YES;
				"INFOPLIST_KEY_UIApplicationSceneManifest_Generation[sdk=iphoneos*]" = YES;
				"INFOPLIST_KEY_UIApplicationSceneManifest_Generation[sdk=iphonesimulator*]" = YES;
				"INFOPLIST_KEY_UIApplicationSupportsIndirectInputEvents[sdk=iphoneos*]" = YES;
				"INFOPLIST_KEY_UIApplicationSupportsIndirectInputEvents[sdk=iphonesimulator*]" = YES;
				"INFOPLIST_KEY_UILaunchScreen_Generation[sdk=iphoneos*]" = YES;
				"INFOPLIST_KEY_UILaunchScreen_Generation[sdk=iphonesimulator*]" = YES;
				"INFOPLIST_KEY_UIStatusBarStyle[sdk=iphoneos*]" = UIStatusBarStyleDefault;
				"INFOPLIST_KEY_UIStatusBarStyle[sdk=iphonesimulator*]" = UIStatusBarStyleDefault;
				INFOPLIST_KEY_UISupportedInterfaceOrientations_iPad = "UIInterfaceOrientationPortrait UIInterfaceOrientationPortraitUpsideDown UIInterfaceOrientationLandscapeLeft UIInterfaceOrientationLandscapeRight";
				INFOPLIST_KEY_UISupportedInterfaceOrientations_iPhone = "UIInterfaceOrientationPortrait UIInterfaceOrientationLandscapeLeft UIInterfaceOrientationLandscapeRight";
				IPHONEOS_DEPLOYMENT_TARGET = 16.4;
				LD_RUNPATH_SEARCH_PATHS = "@executable_path/Frameworks";
				"LD_RUNPATH_SEARCH_PATHS[sdk=macosx*]" = "@executable_path/../Frameworks";
				MACOSX_DEPLOYMENT_TARGET = 13.3;
				MARKETING_VERSION = 1.0;
				PRODUCT_BUNDLE_IDENTIFIER = "studio.skipper.Pientere-Tuin";
				PRODUCT_NAME = "$(TARGET_NAME)";
				SDKROOT = auto;
				SUPPORTED_PLATFORMS = "iphoneos iphonesimulator macosx";
				SWIFT_EMIT_LOC_STRINGS = YES;
				SWIFT_VERSION = 5.0;
				TARGETED_DEVICE_FAMILY = "1,2";
			};
			name = Debug;
		};
		8AFCA45A2A83FA4C00D4B6C8 /* Release */ = {
			isa = XCBuildConfiguration;
			buildSettings = {
				ALWAYS_EMBED_SWIFT_STANDARD_LIBRARIES = YES;
				ASSETCATALOG_COMPILER_APPICON_NAME = AppIcon;
				ASSETCATALOG_COMPILER_GLOBAL_ACCENT_COLOR_NAME = AccentColor;
				CODE_SIGN_ENTITLEMENTS = "Pientere Tuin/Pientere_Tuin.entitlements";
				CODE_SIGN_STYLE = Automatic;
				CURRENT_PROJECT_VERSION = 1;
				DEVELOPMENT_ASSET_PATHS = "\"Pientere Tuin/Preview Content\"";
				DEVELOPMENT_TEAM = STQVQUKQJM;
				ENABLE_HARDENED_RUNTIME = YES;
				ENABLE_PREVIEWS = YES;
				GENERATE_INFOPLIST_FILE = YES;
				"INFOPLIST_KEY_UIApplicationSceneManifest_Generation[sdk=iphoneos*]" = YES;
				"INFOPLIST_KEY_UIApplicationSceneManifest_Generation[sdk=iphonesimulator*]" = YES;
				"INFOPLIST_KEY_UIApplicationSupportsIndirectInputEvents[sdk=iphoneos*]" = YES;
				"INFOPLIST_KEY_UIApplicationSupportsIndirectInputEvents[sdk=iphonesimulator*]" = YES;
				"INFOPLIST_KEY_UILaunchScreen_Generation[sdk=iphoneos*]" = YES;
				"INFOPLIST_KEY_UILaunchScreen_Generation[sdk=iphonesimulator*]" = YES;
				"INFOPLIST_KEY_UIStatusBarStyle[sdk=iphoneos*]" = UIStatusBarStyleDefault;
				"INFOPLIST_KEY_UIStatusBarStyle[sdk=iphonesimulator*]" = UIStatusBarStyleDefault;
				INFOPLIST_KEY_UISupportedInterfaceOrientations_iPad = "UIInterfaceOrientationPortrait UIInterfaceOrientationPortraitUpsideDown UIInterfaceOrientationLandscapeLeft UIInterfaceOrientationLandscapeRight";
				INFOPLIST_KEY_UISupportedInterfaceOrientations_iPhone = "UIInterfaceOrientationPortrait UIInterfaceOrientationLandscapeLeft UIInterfaceOrientationLandscapeRight";
				IPHONEOS_DEPLOYMENT_TARGET = 16.4;
				LD_RUNPATH_SEARCH_PATHS = "@executable_path/Frameworks";
				"LD_RUNPATH_SEARCH_PATHS[sdk=macosx*]" = "@executable_path/../Frameworks";
				MACOSX_DEPLOYMENT_TARGET = 13.3;
				MARKETING_VERSION = 1.0;
				PRODUCT_BUNDLE_IDENTIFIER = "studio.skipper.Pientere-Tuin";
				PRODUCT_NAME = "$(TARGET_NAME)";
				SDKROOT = auto;
				SUPPORTED_PLATFORMS = "iphoneos iphonesimulator macosx";
				SWIFT_EMIT_LOC_STRINGS = YES;
				SWIFT_VERSION = 5.0;
				TARGETED_DEVICE_FAMILY = "1,2";
			};
			name = Release;
		};
		8AFCA45C2A83FA4C00D4B6C8 /* Debug */ = {
			isa = XCBuildConfiguration;
			buildSettings = {
				ALWAYS_EMBED_SWIFT_STANDARD_LIBRARIES = YES;
				BUNDLE_LOADER = "$(TEST_HOST)";
				CODE_SIGN_STYLE = Automatic;
				CURRENT_PROJECT_VERSION = 1;
				DEVELOPMENT_TEAM = STQVQUKQJM;
				GENERATE_INFOPLIST_FILE = YES;
				IPHONEOS_DEPLOYMENT_TARGET = 16.4;
				MACOSX_DEPLOYMENT_TARGET = 13.3;
				MARKETING_VERSION = 1.0;
				PRODUCT_BUNDLE_IDENTIFIER = "studio.skipper.Pientere-TuinTests";
				PRODUCT_NAME = "$(TARGET_NAME)";
				SDKROOT = auto;
				SUPPORTED_PLATFORMS = "iphoneos iphonesimulator macosx";
				SWIFT_EMIT_LOC_STRINGS = NO;
				SWIFT_VERSION = 5.0;
				TARGETED_DEVICE_FAMILY = "1,2";
				TEST_HOST = "$(BUILT_PRODUCTS_DIR)/Pientere Tuin.app/$(BUNDLE_EXECUTABLE_FOLDER_PATH)/Pientere Tuin";
			};
			name = Debug;
		};
		8AFCA45D2A83FA4C00D4B6C8 /* Release */ = {
			isa = XCBuildConfiguration;
			buildSettings = {
				ALWAYS_EMBED_SWIFT_STANDARD_LIBRARIES = YES;
				BUNDLE_LOADER = "$(TEST_HOST)";
				CODE_SIGN_STYLE = Automatic;
				CURRENT_PROJECT_VERSION = 1;
				DEVELOPMENT_TEAM = STQVQUKQJM;
				GENERATE_INFOPLIST_FILE = YES;
				IPHONEOS_DEPLOYMENT_TARGET = 16.4;
				MACOSX_DEPLOYMENT_TARGET = 13.3;
				MARKETING_VERSION = 1.0;
				PRODUCT_BUNDLE_IDENTIFIER = "studio.skipper.Pientere-TuinTests";
				PRODUCT_NAME = "$(TARGET_NAME)";
				SDKROOT = auto;
				SUPPORTED_PLATFORMS = "iphoneos iphonesimulator macosx";
				SWIFT_EMIT_LOC_STRINGS = NO;
				SWIFT_VERSION = 5.0;
				TARGETED_DEVICE_FAMILY = "1,2";
				TEST_HOST = "$(BUILT_PRODUCTS_DIR)/Pientere Tuin.app/$(BUNDLE_EXECUTABLE_FOLDER_PATH)/Pientere Tuin";
			};
			name = Release;
		};
		8AFCA45F2A83FA4C00D4B6C8 /* Debug */ = {
			isa = XCBuildConfiguration;
			buildSettings = {
				ALWAYS_EMBED_SWIFT_STANDARD_LIBRARIES = YES;
				CODE_SIGN_STYLE = Automatic;
				CURRENT_PROJECT_VERSION = 1;
				DEVELOPMENT_TEAM = STQVQUKQJM;
				GENERATE_INFOPLIST_FILE = YES;
				IPHONEOS_DEPLOYMENT_TARGET = 16.4;
				MACOSX_DEPLOYMENT_TARGET = 13.3;
				MARKETING_VERSION = 1.0;
				PRODUCT_BUNDLE_IDENTIFIER = "studio.skipper.Pientere-TuinUITests";
				PRODUCT_NAME = "$(TARGET_NAME)";
				SDKROOT = auto;
				SUPPORTED_PLATFORMS = "iphoneos iphonesimulator macosx";
				SWIFT_EMIT_LOC_STRINGS = NO;
				SWIFT_VERSION = 5.0;
				TARGETED_DEVICE_FAMILY = "1,2";
				TEST_TARGET_NAME = "Pientere Tuin";
			};
			name = Debug;
		};
		8AFCA4602A83FA4C00D4B6C8 /* Release */ = {
			isa = XCBuildConfiguration;
			buildSettings = {
				ALWAYS_EMBED_SWIFT_STANDARD_LIBRARIES = YES;
				CODE_SIGN_STYLE = Automatic;
				CURRENT_PROJECT_VERSION = 1;
				DEVELOPMENT_TEAM = STQVQUKQJM;
				GENERATE_INFOPLIST_FILE = YES;
				IPHONEOS_DEPLOYMENT_TARGET = 16.4;
				MACOSX_DEPLOYMENT_TARGET = 13.3;
				MARKETING_VERSION = 1.0;
				PRODUCT_BUNDLE_IDENTIFIER = "studio.skipper.Pientere-TuinUITests";
				PRODUCT_NAME = "$(TARGET_NAME)";
				SDKROOT = auto;
				SUPPORTED_PLATFORMS = "iphoneos iphonesimulator macosx";
				SWIFT_EMIT_LOC_STRINGS = NO;
				SWIFT_VERSION = 5.0;
				TARGETED_DEVICE_FAMILY = "1,2";
				TEST_TARGET_NAME = "Pientere Tuin";
			};
			name = Release;
		};
/* End XCBuildConfiguration section */

/* Begin XCConfigurationList section */
		8AACAC472A857D720032CC1C /* Build configuration list for PBXNativeTarget "WidgetExtension" */ = {
			isa = XCConfigurationList;
			buildConfigurations = (
				8AACAC482A857D720032CC1C /* Debug */,
				8AACAC492A857D720032CC1C /* Release */,
			);
			defaultConfigurationIsVisible = 0;
			defaultConfigurationName = Release;
		};
		8AFCA4292A83FA4B00D4B6C8 /* Build configuration list for PBXProject "Pientere Tuin" */ = {
			isa = XCConfigurationList;
			buildConfigurations = (
				8AFCA4562A83FA4C00D4B6C8 /* Debug */,
				8AFCA4572A83FA4C00D4B6C8 /* Release */,
			);
			defaultConfigurationIsVisible = 0;
			defaultConfigurationName = Release;
		};
		8AFCA4582A83FA4C00D4B6C8 /* Build configuration list for PBXNativeTarget "Pientere Tuin" */ = {
			isa = XCConfigurationList;
			buildConfigurations = (
				8AFCA4592A83FA4C00D4B6C8 /* Debug */,
				8AFCA45A2A83FA4C00D4B6C8 /* Release */,
			);
			defaultConfigurationIsVisible = 0;
			defaultConfigurationName = Release;
		};
		8AFCA45B2A83FA4C00D4B6C8 /* Build configuration list for PBXNativeTarget "Pientere TuinTests" */ = {
			isa = XCConfigurationList;
			buildConfigurations = (
				8AFCA45C2A83FA4C00D4B6C8 /* Debug */,
				8AFCA45D2A83FA4C00D4B6C8 /* Release */,
			);
			defaultConfigurationIsVisible = 0;
			defaultConfigurationName = Release;
		};
		8AFCA45E2A83FA4C00D4B6C8 /* Build configuration list for PBXNativeTarget "Pientere TuinUITests" */ = {
			isa = XCConfigurationList;
			buildConfigurations = (
				8AFCA45F2A83FA4C00D4B6C8 /* Debug */,
				8AFCA4602A83FA4C00D4B6C8 /* Release */,
			);
			defaultConfigurationIsVisible = 0;
			defaultConfigurationName = Release;
		};
/* End XCConfigurationList section */

/* Begin XCRemoteSwiftPackageReference section */
		8AFCA4612A83FDD500D4B6C8 /* XCRemoteSwiftPackageReference "swift-openapi-generator" */ = {
			isa = XCRemoteSwiftPackageReference;
			repositoryURL = "https://github.com/apple/swift-openapi-generator";
			requirement = {
				kind = upToNextMinorVersion;
				minimumVersion = 0.1.8;
			};
		};
		8AFCA4662A83FDF200D4B6C8 /* XCRemoteSwiftPackageReference "swift-openapi-runtime" */ = {
			isa = XCRemoteSwiftPackageReference;
			repositoryURL = "https://github.com/apple/swift-openapi-runtime";
			requirement = {
				kind = upToNextMinorVersion;
				minimumVersion = 0.1.8;
			};
		};
		8AFCA4692A83FE3200D4B6C8 /* XCRemoteSwiftPackageReference "swift-openapi-urlsession" */ = {
			isa = XCRemoteSwiftPackageReference;
			repositoryURL = "https://github.com/apple/swift-openapi-urlsession";
			requirement = {
				kind = upToNextMinorVersion;
				minimumVersion = 0.1.2;
			};
		};
/* End XCRemoteSwiftPackageReference section */

/* Begin XCSwiftPackageProductDependency section */
		8AFCA4672A83FDF200D4B6C8 /* OpenAPIRuntime */ = {
			isa = XCSwiftPackageProductDependency;
			package = 8AFCA4662A83FDF200D4B6C8 /* XCRemoteSwiftPackageReference "swift-openapi-runtime" */;
			productName = OpenAPIRuntime;
		};
		8AFCA46A2A83FE3200D4B6C8 /* OpenAPIURLSession */ = {
			isa = XCSwiftPackageProductDependency;
			package = 8AFCA4692A83FE3200D4B6C8 /* XCRemoteSwiftPackageReference "swift-openapi-urlsession" */;
			productName = OpenAPIURLSession;
		};
		8AFCA46C2A83FE6100D4B6C8 /* OpenAPIGenerator */ = {
			isa = XCSwiftPackageProductDependency;
			package = 8AFCA4612A83FDD500D4B6C8 /* XCRemoteSwiftPackageReference "swift-openapi-generator" */;
			productName = "plugin:OpenAPIGenerator";
		};
/* End XCSwiftPackageProductDependency section */

/* Begin XCVersionGroup section */
		8AFCA4352A83FA4B00D4B6C8 /* Pientere_Tuin.xcdatamodeld */ = {
			isa = XCVersionGroup;
			children = (
				8A68FD272A8662E600DF6F56 /* Pientere_Tuin 3.xcdatamodel */,
				8AAF6B552A85064400EDC1E0 /* Pientere_Tuin 2.xcdatamodel */,
				8AFCA4362A83FA4B00D4B6C8 /* Pientere_Tuin.xcdatamodel */,
			);
			currentVersion = 8A68FD272A8662E600DF6F56 /* Pientere_Tuin 3.xcdatamodel */;
			path = Pientere_Tuin.xcdatamodeld;
			sourceTree = "<group>";
			versionGroupType = wrapper.xcdatamodel;
		};
/* End XCVersionGroup section */
	};
	rootObject = 8AFCA4262A83FA4B00D4B6C8 /* Project object */;
}
